<?xml version="1.0" encoding="UTF-8" standalone="yes" ?>
<CodeBlocks_project_file>
	<FileVersion major="1" minor="6" />
	<Project>
		<Option title="gtk_test" />
		<Option pch_mode="2" />
		<Option compiler="gcc" />
		<Build>
			<Target title="Debug">
				<Option output="bin/Debug/gtk_test" prefix_auto="1" extension_auto="1" />
				<Option object_output="obj/Debug/" />
				<Option type="1" />
				<Option compiler="gcc" />
				<Compiler>
					<Add option="-g" />
				</Compiler>
			</Target>
			<Target title="Release">
				<Option output="bin/Release/gtk_test2" prefix_auto="1" extension_auto="1" />
				<Option object_output="obj/Release/" />
				<Option type="0" />
				<Option compiler="gcc" />
				<Compiler>
					<Add option="-O2" />
				</Compiler>
				<Linker>
					<Add option="-s" />
				</Linker>
			</Target>
		</Build>
		<Compiler>
			<Add option="-Wall" />
			<Add option="`pkg-config gtk+-2.0 --cflags`" />
			<Add directory="/home/andre/Рабочий стол/xdraw_gtk/" />
		</Compiler>
		<Linker>
			<Add option="`pkg-config gtk+-2.0 --libs`" />
			<Add library="jpeg" />
		</Linker>
		<Unit filename="alib/Vector.h" />
		<Unit filename="alib/config.h" />
		<Unit filename="alib/def_error.h" />
		<Unit filename="alib/font.h" />
		<Unit filename="alib/freetype.h" />
		<Unit filename="alib/ft_engine.h" />
		<Unit filename="alib/img.h" />
		<Unit filename="alib/io.h" />
		<Unit filename="alib/io_ui.h" />
		<Unit filename="alib/menu.h" />
		<Unit filename="alib/ui.h" />
		<Unit filename="fontdraw/charmap.cpp" />
		<Unit filename="fontdraw/font.cpp" />
		<Unit filename="fontdraw/freetype.cpp" />
		<Unit filename="ft_server/ft_engine.cpp" />
		<Unit filename="imagedraw/core.cpp" />
		<Unit filename="imagedraw/draw.cpp" />
		<Unit filename="imagedraw/effects.cpp" />
		<Unit filename="imagedraw/io.cpp" />
		<Unit filename="imagedraw/jpeg.cpp" />
		<Unit filename="imagedraw/png.cpp" />
		<Unit filename="imagedraw/transform.cpp" />
		<Unit filename="main.cpp" />
		<Extensions>
			<code_completion />
			<debugger />
		</Extensions>
	</Project>
</CodeBlocks_project_file>
