<?xml version="1.0" encoding="UTF-8" standalone="yes" ?>
<CodeBlocks_project_file>
	<FileVersion major="1" minor="6" />
	<Project>
		<Option title="USART_pinger" />
		<Option pch_mode="2" />
		<Option compiler="armelfgcc" />
		<Build>
			<Target title="SG">
				<Option output="../../elfs/$(PROJECT_NAME)/$(PROJECT_NAME)_$(TARGET_NAME).elf" prefix_auto="0" extension_auto="0" />
				<Option object_output="../../Objects/$(PROJECT_NAME)/$(TARGET_NAME)/" />
				<Option type="1" />
				<Option compiler="armelfgcc" />
				<Compiler>
					<Add option="-O2" />
				</Compiler>
				<Linker>
					<Add option="-s" />
				</Linker>
			</Target>
			<Target title="NSG">
				<Option output="../../elfs/$(PROJECT_NAME)/$(PROJECT_NAME)_$(TARGET_NAME).elf" prefix_auto="0" extension_auto="0" />
				<Option object_output="../../Objects/$(PROJECT_NAME)/$(TARGET_NAME)/" />
				<Option type="1" />
				<Option compiler="armelfgcc" />
				<Compiler>
					<Add option="-O2" />
					<Add option="-DNEWSGOLD" />
				</Compiler>
				<Linker>
					<Add option="-s" />
				</Linker>
			</Target>
			<Target title="ELKA">
				<Option output="../../elfs/$(PROJECT_NAME)/$(PROJECT_NAME)_$(TARGET_NAME).elf" prefix_auto="0" extension_auto="0" />
				<Option object_output="../../Objects/$(PROJECT_NAME)/$(TARGET_NAME)/" />
				<Option type="1" />
				<Option compiler="armelfgcc" />
				<Compiler>
					<Add option="-O2" />
					<Add option="-DNEWSGOLD" />
					<Add option="-DELKA" />
				</Compiler>
				<Linker>
					<Add option="-s" />
				</Linker>
			</Target>
		</Build>
		<Compiler>
			<Add option="-O2" />
			<Add option="-std=gnu99" />
		</Compiler>
		<Linker>
			<Add option="-s" />
			<Add option="--defsym __ex=0" />
			<Add option="--gc-section" />
			<Add library="c" />
			<Add library="gcc" />
			<Add library="crt" />
			<Add library="crt_helper" />
		</Linker>
		<Unit filename="main.c">
			<Option compilerVar="CC" />
		</Unit>
		<Unit filename="pmb8876_reg.h" />
		<Unit filename="pmb8876_uart.c">
			<Option compilerVar="CC" />
		</Unit>
		<Unit filename="pmb8876_uart.h" />
		<Extensions>
			<code_completion />
			<debugger />
		</Extensions>
	</Project>
</CodeBlocks_project_file>
