<?xml version="1.0" encoding="UTF-8" standalone="yes" ?>
<CodeBlocks_project_file>
	<FileVersion major="1" minor="6" />
	<Project>
		<Option title="MC" />
		<Option pch_mode="2" />
		<Option compiler="iar_arm_cc_compiler" />
		<Build>
			<Target title="ELKA">
				<Option output="bin/MC_Faust.elf" prefix_auto="1" extension_auto="0" />
				<Option object_output="obj/ELKA/" />
				<Option type="1" />
				<Option compiler="iar_arm_cc_compiler" />
				<Compiler>
					<Add option="-DELKA" />
					<Add option="-DNEWSGOLD" />
				</Compiler>
				<ExtraCommands>
					<Add after="~/.bin/tripper $exe_output $exe_output" />
					<Mode after="always" />
				</ExtraCommands>
			</Target>
			<Target title="NSG">
				<Option output="bin/MC_Faust.elf" prefix_auto="1" extension_auto="0" />
				<Option object_output="obj/NSG/" />
				<Option type="1" />
				<Option compiler="iar_arm_cc_compiler" />
				<Compiler>
					<Add option="-DNEWSGOLD" />
				</Compiler>
				<ExtraCommands>
					<Add after="tripper $exe_output $exe_output" />
				</ExtraCommands>
			</Target>
			<Target title="SGOLD">
				<Option output="bin/MC_Faust.elf" prefix_auto="1" extension_auto="0" />
				<Option object_output="obj/SGOLD/" />
				<Option type="1" />
				<Option compiler="iar_arm_cc_compiler" />
				<ExtraCommands>
					<Add after="tripper $exe_output $exe_output" />
				</ExtraCommands>
			</Target>
		</Build>
		<Compiler>
			<Add option="-DELKA" />
			<Add option="-DNEWSGOLD" />
		</Compiler>
		<Unit filename="7Z/7zAlloc.c">
			<Option compilerVar="CC" />
		</Unit>
		<Unit filename="7Z/7zAlloc.h" />
		<Unit filename="7Z/7zBuffer.c">
			<Option compilerVar="CC" />
		</Unit>
		<Unit filename="7Z/7zBuffer.h" />
		<Unit filename="7Z/7zCrc.c">
			<Option compilerVar="CC" />
		</Unit>
		<Unit filename="7Z/7zCrc.h" />
		<Unit filename="7Z/7zDecode.c">
			<Option compilerVar="CC" />
		</Unit>
		<Unit filename="7Z/7zDecode.h" />
		<Unit filename="7Z/7zExtract.c">
			<Option compilerVar="CC" />
		</Unit>
		<Unit filename="7Z/7zExtract.h" />
		<Unit filename="7Z/7zHeader.c">
			<Option compilerVar="CC" />
		</Unit>
		<Unit filename="7Z/7zHeader.h" />
		<Unit filename="7Z/7zIn.c">
			<Option compilerVar="CC" />
		</Unit>
		<Unit filename="7Z/7zIn.h" />
		<Unit filename="7Z/7zItem.c">
			<Option compilerVar="CC" />
		</Unit>
		<Unit filename="7Z/7zItem.h" />
		<Unit filename="7Z/7zMethodID.c">
			<Option compilerVar="CC" />
		</Unit>
		<Unit filename="7Z/7zMethodID.h" />
		<Unit filename="7Z/7zTypes.h" />
		<Unit filename="7Z/LzmaDecode.c">
			<Option compilerVar="CC" />
		</Unit>
		<Unit filename="7Z/LzmaDecode.h" />
		<Unit filename="7Z/LzmaTypes.h" />
		<Unit filename="7zslib.c">
			<Option compilerVar="CC" />
		</Unit>
		<Unit filename="Bookmarks.c">
			<Option compilerVar="CC" />
		</Unit>
		<Unit filename="CONFIG.C">
			<Option compilerVar="CC" />
		</Unit>
		<Unit filename="CONFIG.H" />
		<Unit filename="ColorMap.c">
			<Option compilerVar="CC" />
		</Unit>
		<Unit filename="DPROP.C">
			<Option compilerVar="CC" />
		</Unit>
		<Unit filename="ENCODE.C">
			<Option compilerVar="CC" />
		</Unit>
		<Unit filename="EXTS.C">
			<Option compilerVar="CC" />
		</Unit>
		<Unit filename="FN_LIST.C">
			<Option compilerVar="CC" />
		</Unit>
		<Unit filename="FPROP.C">
			<Option compilerVar="CC" />
		</Unit>
		<Unit filename="FSLIB.C">
			<Option compilerVar="CC" />
		</Unit>
		<Unit filename="FileOp.c">
			<Option compilerVar="CC" />
		</Unit>
		<Unit filename="GUI.C">
			<Option compilerVar="CC" />
		</Unit>
		<Unit filename="KEYS.C">
			<Option compilerVar="CC" />
		</Unit>
		<Unit filename="KRNL.C">
			<Option compilerVar="CC" />
		</Unit>
		<Unit filename="MAIN.C">
			<Option compilerVar="CC" />
		</Unit>
		<Unit filename="MENUS.C">
			<Option compilerVar="CC" />
		</Unit>
		<Unit filename="MUI.C">
			<Option compilerVar="CC" />
		</Unit>
		<Unit filename="NewMenu.c">
			<Option compilerVar="CC" />
		</Unit>
		<Unit filename="SLIB.C">
			<Option compilerVar="CC" />
		</Unit>
		<Unit filename="ScreenMake.c">
			<Option compilerVar="CC" />
		</Unit>
		<Unit filename="SetResource.c">
			<Option compilerVar="CC" />
		</Unit>
		<Unit filename="Sortmc.c">
			<Option compilerVar="CC" />
		</Unit>
		<Unit filename="TextInput.c">
			<Option compilerVar="CC" />
		</Unit>
		<Unit filename="ZLib/ADLER32.C">
			<Option compilerVar="CC" />
		</Unit>
		<Unit filename="ZLib/COMPRESS.C">
			<Option compilerVar="CC" />
		</Unit>
		<Unit filename="ZLib/CRC32.C">
			<Option compilerVar="CC" />
		</Unit>
		<Unit filename="ZLib/CRC32.H" />
		<Unit filename="ZLib/DEFLATE.C">
			<Option compilerVar="CC" />
		</Unit>
		<Unit filename="ZLib/DEFLATE.H" />
		<Unit filename="ZLib/INFFAST.C">
			<Option compilerVar="CC" />
		</Unit>
		<Unit filename="ZLib/INFFAST.H" />
		<Unit filename="ZLib/INFFIXED.H" />
		<Unit filename="ZLib/INFLATE.C">
			<Option compilerVar="CC" />
		</Unit>
		<Unit filename="ZLib/INFLATE.H" />
		<Unit filename="ZLib/INFTREES.C">
			<Option compilerVar="CC" />
		</Unit>
		<Unit filename="ZLib/INFTREES.H" />
		<Unit filename="ZLib/MINIZIP/CRYPT.H" />
		<Unit filename="ZLib/MINIZIP/IOAPI.C">
			<Option compilerVar="CC" />
		</Unit>
		<Unit filename="ZLib/MINIZIP/IOAPI.H" />
		<Unit filename="ZLib/MINIZIP/UNZIP.C">
			<Option compilerVar="CC" />
		</Unit>
		<Unit filename="ZLib/MINIZIP/UNZIP.H" />
		<Unit filename="ZLib/MINIZIP/ZIP.C">
			<Option compilerVar="CC" />
		</Unit>
		<Unit filename="ZLib/MINIZIP/ZIP.H" />
		<Unit filename="ZLib/TREES.C">
			<Option compilerVar="CC" />
		</Unit>
		<Unit filename="ZLib/TREES.H" />
		<Unit filename="ZLib/UNCOMPR.C">
			<Option compilerVar="CC" />
		</Unit>
		<Unit filename="ZLib/ZLIB.H" />
		<Unit filename="ZLib/ZUTIL.C">
			<Option compilerVar="CC" />
		</Unit>
		<Unit filename="ZLib/ZUTIL.H" />
		<Unit filename="ZLib/Zconf.h" />
		<Unit filename="ZSLIB.C">
			<Option compilerVar="CC" />
		</Unit>
		<Unit filename="Ziplib.c">
			<Option compilerVar="CC" />
		</Unit>
		<Unit filename="about.c">
			<Option compilerVar="CC" />
		</Unit>
		<Unit filename="arch.c">
			<Option compilerVar="CC" />
		</Unit>
		<Unit filename="conf_loader.c">
			<Option compilerVar="CC" />
		</Unit>
		<Unit filename="config_data.cc" />
		<Unit filename="flash.c">
			<Option compilerVar="CC" />
		</Unit>
		<Unit filename="func.asm" />
		<Unit filename="inc/7zslib.h" />
		<Unit filename="inc/COLOR.H" />
		<Unit filename="inc/CONFIG.H" />
		<Unit filename="inc/ColorMap.h" />
		<Unit filename="inc/EXTS.H" />
		<Unit filename="inc/Encode.h" />
		<Unit filename="inc/LNG.H" />
		<Unit filename="inc/Lng1.h" />
		<Unit filename="inc/MC.H" />
		<Unit filename="inc/MUI.H" />
		<Unit filename="inc/NewMenu.h" />
		<Unit filename="inc/SORT.H" />
		<Unit filename="inc/ScreenMake.h" />
		<Unit filename="inc/about.h" />
		<Unit filename="inc/arch.h" />
		<Unit filename="inc/fn_list.h" />
		<Unit filename="inc/gui.h" />
		<Unit filename="inc/pnglist.h" />
		<Unit filename="inc/popup.h" />
		<Unit filename="inc/secret.h" />
		<Unit filename="inc/zslib.h" />
		<Unit filename="md5.c">
			<Option compilerVar="CC" />
		</Unit>
		<Unit filename="packer.c">
			<Option compilerVar="CC" />
		</Unit>
		<Unit filename="popup.c">
			<Option compilerVar="CC" />
		</Unit>
		<Unit filename="quicksort.c">
			<Option compilerVar="CC" />
		</Unit>
		<Unit filename="revision.h" />
		<Unit filename="seach.c">
			<Option compilerVar="CC" />
		</Unit>
		<Unit filename="secret.c">
			<Option compilerVar="CC" />
		</Unit>
		<Extensions>
			<envvars />
			<code_completion />
			<lib_finder disable_auto="1" />
			<debugger />
		</Extensions>
	</Project>
</CodeBlocks_project_file>
